// !$*UTF8*$!
{
	archiveVersion = 1;
	classes = {
	};
	objectVersion = 46;
	objects = {

/* Begin PBXBuildFile section */
		783631EF1CE3408300628658 /* RCTPili.h in CopyFiles */ = {isa = PBXBuildFile; fileRef = 783631EE1CE3408300628658 /* RCTPili.h */; };
		783631F11CE3408300628658 /* RCTPili.m in Sources */ = {isa = PBXBuildFile; fileRef = 783631F01CE3408300628658 /* RCTPili.m */; };
/* End PBXBuildFile section */

/* Begin PBXCopyFilesBuildPhase section */
		783631E91CE3408300628658 /* CopyFiles */ = {
			isa = PBXCopyFilesBuildPhase;
			buildActionMask = 2147483647;
			dstPath = "include/$(PRODUCT_NAME)";
			dstSubfolderSpec = 16;
			files = (
				783631EF1CE3408300628658 /* RCTPili.h in CopyFiles */,
			);
			runOnlyForDeploymentPostprocessing = 0;
		};
/* End PBXCopyFilesBuildPhase section */

/* Begin PBXFileReference section */
		783631EB1CE3408300628658 /* libRCTPili.a */ = {isa = PBXFileReference; explicitFileType = archive.ar; includeInIndex = 0; path = libRCTPili.a; sourceTree = BUILT_PRODUCTS_DIR; };
		783631EE1CE3408300628658 /* RCTPili.h */ = {isa = PBXFileReference; lastKnownFileType = sourcecode.c.h; path = RCTPili.h; sourceTree = "<group>"; };
		783631F01CE3408300628658 /* RCTPili.m */ = {isa = PBXFileReference; lastKnownFileType = sourcecode.c.objc; path = RCTPili.m; sourceTree = "<group>"; };
/* End PBXFileReference section */

/* Begin PBXFrameworksBuildPhase section */
		783631E81CE3408300628658 /* Frameworks */ = {
			isa = PBXFrameworksBuildPhase;
			buildActionMask = 2147483647;
			files = (
			);
			runOnlyForDeploymentPostprocessing = 0;
		};
/* End PBXFrameworksBuildPhase section */

/* Begin PBXGroup section */
		783631E21CE3408300628658 = {
			isa = PBXGroup;
			children = (
				783631ED1CE3408300628658 /* RCTPili */,
				783631EC1CE3408300628658 /* Products */,
			);
			sourceTree = "<group>";
		};
		783631EC1CE3408300628658 /* Products */ = {
			isa = PBXGroup;
			children = (
				783631EB1CE3408300628658 /* libRCTPili.a */,
			);
			name = Products;
			sourceTree = "<group>";
		};
		783631ED1CE3408300628658 /* RCTPili */ = {
			isa = PBXGroup;
			children = (
				783631EE1CE3408300628658 /* RCTPili.h */,
				783631F01CE3408300628658 /* RCTPili.m */,
			);
			path = RCTPili;
			sourceTree = "<group>";
		};
/* End PBXGroup section */

/* Begin PBXNativeTarget section */
		783631EA1CE3408300628658 /* RCTPili */ = {
			isa = PBXNativeTarget;
			buildConfigurationList = 783631F41CE3408300628658 /* Build configuration list for PBXNativeTarget "RCTPili" */;
			buildPhases = (
				783631E71CE3408300628658 /* Sources */,
				783631E81CE3408300628658 /* Frameworks */,
				783631E91CE3408300628658 /* CopyFiles */,
			);
			buildRules = (
			);
			dependencies = (
			);
			name = RCTPili;
			productName = RCTPili;
			productReference = 783631EB1CE3408300628658 /* libRCTPili.a */;
			productType = "com.apple.product-type.library.static";
		};
/* End PBXNativeTarget section */

/* Begin PBXProject section */
		783631E31CE3408300628658 /* Project object */ = {
			isa = PBXProject;
			attributes = {
				LastUpgradeCheck = 0730;
				ORGANIZATIONNAME = pili;
				TargetAttributes = {
					783631EA1CE3408300628658 = {
						CreatedOnToolsVersion = 7.3;
					};
				};
			};
			buildConfigurationList = 783631E61CE3408300628658 /* Build configuration list for PBXProject "RCTPili" */;
			compatibilityVersion = "Xcode 3.2";
			developmentRegion = English;
			hasScannedForEncodings = 0;
			knownRegions = (
				en,
			);
			mainGroup = 783631E21CE3408300628658;
			productRefGroup = 783631EC1CE3408300628658 /* Products */;
			projectDirPath = "";
			projectRoot = "";
			targets = (
				783631EA1CE3408300628658 /* RCTPili */,
			);
		};
/* End PBXProject section */

/* Begin PBXSourcesBuildPhase section */
		783631E71CE3408300628658 /* Sources */ = {
			isa = PBXSourcesBuildPhase;
			buildActionMask = 2147483647;
			files = (
				783631F11CE3408300628658 /* RCTPili.m in Sources */,
			);
			runOnlyForDeploymentPostprocessing = 0;
		};
/* End PBXSourcesBuildPhase section */

/* Begin XCBuildConfiguration section */
		783631F21CE3408300628658 /* Debug */ = {
			isa = XCBuildConfiguration;
			buildSettings = {
				ALWAYS_SEARCH_USER_PATHS = NO;
				CLANG_ANALYZER_NONNULL = YES;
				CLANG_CXX_LANGUAGE_STANDARD = "gnu++0x";
				CLANG_CXX_LIBRARY = "libc++";
				CLANG_ENABLE_MODULES = YES;
				CLANG_ENABLE_OBJC_ARC = YES;
				CLANG_WARN_BOOL_CONVERSION = YES;
				CLANG_WARN_CONSTANT_CONVERSION = YES;
				CLANG_WARN_DIRECT_OBJC_ISA_USAGE = YES_ERROR;
				CLANG_WARN_EMPTY_BODY = YES;
				CLANG_WARN_ENUM_CONVERSION = YES;
				CLANG_WARN_INT_CONVERSION = YES;
				CLANG_WARN_OBJC_ROOT_CLASS = YES_ERROR;
				CLANG_WARN_UNREACHABLE_CODE = YES;
				CLANG_WARN__DUPLICATE_METHOD_MATCH = YES;
				"CODE_SIGN_IDENTITY[sdk=iphoneos*]" = "iPhone Developer";
				COPY_PHASE_STRIP = NO;
				DEBUG_INFORMATION_FORMAT = dwarf;
				ENABLE_STRICT_OBJC_MSGSEND = YES;
				ENABLE_TESTABILITY = YES;
				GCC_C_LANGUAGE_STANDARD = gnu99;
				GCC_DYNAMIC_NO_PIC = NO;
				GCC_NO_COMMON_BLOCKS = YES;
				GCC_OPTIMIZATION_LEVEL = 0;
				GCC_PREPROCESSOR_DEFINITIONS = (
					"DEBUG=1",
					"$(inherited)",
				);
				GCC_WARN_64_TO_32_BIT_CONVERSION = YES;
				GCC_WARN_ABOUT_RETURN_TYPE = YES_ERROR;
				GCC_WARN_UNDECLARED_SELECTOR = YES;
				GCC_WARN_UNINITIALIZED_AUTOS = YES_AGGRESSIVE;
				GCC_WARN_UNUSED_FUNCTION = YES;
				GCC_WARN_UNUSED_VARIABLE = YES;
				IPHONEOS_DEPLOYMENT_TARGET = 9.3;
				MTL_ENABLE_DEBUG_INFO = YES;
				ONLY_ACTIVE_ARCH = YES;
				SDKROOT = iphoneos;
			};
			name = Debug;
		};
		783631F31CE3408300628658 /* Release */ = {
			isa = XCBuildConfiguration;
			buildSettings = {
				ALWAYS_SEARCH_USER_PATHS = NO;
				CLANG_ANALYZER_NONNULL = YES;
				CLANG_CXX_LANGUAGE_STANDARD = "gnu++0x";
				CLANG_CXX_LIBRARY = "libc++";
				CLANG_ENABLE_MODULES = YES;
				CLANG_ENABLE_OBJC_ARC = YES;
				CLANG_WARN_BOOL_CONVERSION = YES;
				CLANG_WARN_CONSTANT_CONVERSION = YES;
				CLANG_WARN_DIRECT_OBJC_ISA_USAGE = YES_ERROR;
				CLANG_WARN_EMPTY_BODY = YES;
				CLANG_WARN_ENUM_CONVERSION = YES;
				CLANG_WARN_INT_CONVERSION = YES;
				CLANG_WARN_OBJC_ROOT_CLASS = YES_ERROR;
				CLANG_WARN_UNREACHABLE_CODE = YES;
				CLANG_WARN__DUPLICATE_METHOD_MATCH = YES;
				"CODE_SIGN_IDENTITY[sdk=iphoneos*]" = "iPhone Developer";
				COPY_PHASE_STRIP = NO;
				DEBUG_INFORMATION_FORMAT = "dwarf-with-dsym";
				ENABLE_NS_ASSERTIONS = NO;
				ENABLE_STRICT_OBJC_MSGSEND = YES;
				GCC_C_LANGUAGE_STANDARD = gnu99;
				GCC_NO_COMMON_BLOCKS = YES;
				GCC_WARN_64_TO_32_BIT_CONVERSION = YES;
				GCC_WARN_ABOUT_RETURN_TYPE = YES_ERROR;
				GCC_WARN_UNDECLARED_SELECTOR = YES;
				GCC_WARN_UNINITIALIZED_AUTOS = YES_AGGRESSIVE;
				GCC_WARN_UNUSED_FUNCTION = YES;
				GCC_WARN_UNUSED_VARIABLE = YES;
				IPHONEOS_DEPLOYMENT_TARGET = 9.3;
				MTL_ENABLE_DEBUG_INFO = NO;
				SDKROOT = iphoneos;
				VALIDATE_PRODUCT = YES;
			};
			name = Release;
		};
		783631F51CE3408300628658 /* Debug */ = {
			isa = XCBuildConfiguration;
			buildSettings = {
				OTHER_LDFLAGS = "-ObjC";
				PRODUCT_NAME = "$(TARGET_NAME)";
				SKIP_INSTALL = YES;
			};
			name = Debug;
		};
		783631F61CE3408300628658 /* Release */ = {
			isa = XCBuildConfiguration;
			buildSettings = {
				OTHER_LDFLAGS = "-ObjC";
				PRODUCT_NAME = "$(TARGET_NAME)";
				SKIP_INSTALL = YES;
			};
			name = Release;
		};
/* End XCBuildConfiguration section */

/* Begin XCConfigurationList section */
		783631E61CE3408300628658 /* Build configuration list for PBXProject "RCTPili" */ = {
			isa = XCConfigurationList;
			buildConfigurations = (
				783631F21CE3408300628658 /* Debug */,
				783631F31CE3408300628658 /* Release */,
			);
			defaultConfigurationIsVisible = 0;
			defaultConfigurationName = Release;
		};
		783631F41CE3408300628658 /* Build configuration list for PBXNativeTarget "RCTPili" */ = {
			isa = XCConfigurationList;
			buildConfigurations = (
				783631F51CE3408300628658 /* Debug */,
				783631F61CE3408300628658 /* Release */,
			);
			defaultConfigurationIsVisible = 0;
		};
/* End XCConfigurationList section */
	};
	rootObject = 783631E31CE3408300628658 /* Project object */;
}
